
Microsoft Visual Studio Solution File, Format Version 12.00
# Visual Studio Version 17
VisualStudioVersion = 17.9.34701.34
MinimumVisualStudioVersion = 10.0.40219.1
Project("{FAE04EC0-301F-11D3-BF4B-00C04F79EFBC}") = "Pr13_12ip222", "Pr13_12ip222\Pr13_12ip222.csproj", "{250D58C1-6D39-41F7-8AA1-9153E68D41F8}"
EndProject
Global
	GlobalSection(SolutionConfigurationPlatforms) = preSolution
		Debug|Any CPU = Debug|Any CPU
		Release|Any CPU = Release|Any CPU
	EndGlobalSection
	GlobalSection(ProjectConfigurationPlatforms) = postSolution
		{250D58C1-6D39-41F7-8AA1-9153E68D41F8}.Debug|Any CPU.ActiveCfg = Debug|Any CPU
		{250D58C1-6D39-41F7-8AA1-9153E68D41F8}.Debug|Any CPU.Build.0 = Debug|Any CPU
		{250D58C1-6D39-41F7-8AA1-9153E68D41F8}.Release|Any CPU.ActiveCfg = Release|Any CPU
		{250D58C1-6D39-41F7-8AA1-9153E68D41F8}.Release|Any CPU.Build.0 = Release|Any CPU
	EndGlobalSection
	GlobalSection(SolutionProperties) = preSolution
		HideSolutionNode = FALSE
	EndGlobalSection
	GlobalSection(ExtensibilityGlobals) = postSolution
		SolutionGuid = {407A1543-07A8-4E27-B89A-BAE2C2320B8A}
	EndGlobalSection
EndGlobal
