
Microsoft Visual Studio Solution File, Format Version 12.00
# Visual Studio Version 16
VisualStudioVersion = 16.0.31624.102
MinimumVisualStudioVersion = 10.0.40219.1
Project("{FAE04EC0-301F-11D3-BF4B-00C04F79EFBC}") = "Lesson1.AutomationTesting", "Lesson1.AutomationTesting.csproj", "{206E6C1F-FE8F-4924-8A97-90E2898DAD48}"
EndProject
Global
	GlobalSection(SolutionConfigurationPlatforms) = preSolution
		Debug|Any CPU = Debug|Any CPU
		Release|Any CPU = Release|Any CPU
	EndGlobalSection
	GlobalSection(ProjectConfigurationPlatforms) = postSolution
		{206E6C1F-FE8F-4924-8A97-90E2898DAD48}.Debug|Any CPU.ActiveCfg = Debug|Any CPU
		{206E6C1F-FE8F-4924-8A97-90E2898DAD48}.Debug|Any CPU.Build.0 = Debug|Any CPU
		{206E6C1F-FE8F-4924-8A97-90E2898DAD48}.Release|Any CPU.ActiveCfg = Release|Any CPU
		{206E6C1F-FE8F-4924-8A97-90E2898DAD48}.Release|Any CPU.Build.0 = Release|Any CPU
	EndGlobalSection
	GlobalSection(SolutionProperties) = preSolution
		HideSolutionNode = FALSE
	EndGlobalSection
	GlobalSection(ExtensibilityGlobals) = postSolution
		SolutionGuid = {271EF53C-95A6-426E-998E-8DF2C1C96766}
	EndGlobalSection
EndGlobal
