
Microsoft Visual Studio Solution File, Format Version 12.00
# Visual Studio Version 16
VisualStudioVersion = 16.0.31019.35
MinimumVisualStudioVersion = 10.0.40219.1
Project("{FAE04EC0-301F-11D3-BF4B-00C04F79EFBC}") = "1_1", "1_1\1_1.csproj", "{989075B5-9637-40D4-AD27-232A340DDA38}"
EndProject
Project("{FAE04EC0-301F-11D3-BF4B-00C04F79EFBC}") = "1_1_Tests", "1_1_Tests\1_1_Tests.csproj", "{3D81552C-DCD7-41C4-8511-C662B36C209A}"
EndProject
Global
	GlobalSection(SolutionConfigurationPlatforms) = preSolution
		Debug|Any CPU = Debug|Any CPU
		Release|Any CPU = Release|Any CPU
	EndGlobalSection
	GlobalSection(ProjectConfigurationPlatforms) = postSolution
		{989075B5-9637-40D4-AD27-232A340DDA38}.Debug|Any CPU.ActiveCfg = Debug|Any CPU
		{989075B5-9637-40D4-AD27-232A340DDA38}.Debug|Any CPU.Build.0 = Debug|Any CPU
		{989075B5-9637-40D4-AD27-232A340DDA38}.Release|Any CPU.ActiveCfg = Release|Any CPU
		{989075B5-9637-40D4-AD27-232A340DDA38}.Release|Any CPU.Build.0 = Release|Any CPU
		{3D81552C-DCD7-41C4-8511-C662B36C209A}.Debug|Any CPU.ActiveCfg = Debug|Any CPU
		{3D81552C-DCD7-41C4-8511-C662B36C209A}.Debug|Any CPU.Build.0 = Debug|Any CPU
		{3D81552C-DCD7-41C4-8511-C662B36C209A}.Release|Any CPU.ActiveCfg = Release|Any CPU
		{3D81552C-DCD7-41C4-8511-C662B36C209A}.Release|Any CPU.Build.0 = Release|Any CPU
	EndGlobalSection
	GlobalSection(SolutionProperties) = preSolution
		HideSolutionNode = FALSE
	EndGlobalSection
	GlobalSection(ExtensibilityGlobals) = postSolution
		SolutionGuid = {1FD88E1A-7A31-4DCE-AFAF-ACE5D8DC8916}
	EndGlobalSection
EndGlobal
