
Microsoft Visual Studio Solution File, Format Version 12.00
# Visual Studio Version 16
VisualStudioVersion = 16.0.31019.35
MinimumVisualStudioVersion = 10.0.40219.1
Project("{FAE04EC0-301F-11D3-BF4B-00C04F79EFBC}") = "2_2", "2_2\2_2.csproj", "{F8B0D218-E441-4FF3-B4A3-B5021C4DDEF1}"
EndProject
Project("{FAE04EC0-301F-11D3-BF4B-00C04F79EFBC}") = "2_2_Tests", "2_2_Tests\2_2_Tests.csproj", "{1629194B-75FE-4AD3-9453-1C347E5BE7B2}"
EndProject
Global
	GlobalSection(SolutionConfigurationPlatforms) = preSolution
		Debug|Any CPU = Debug|Any CPU
		Release|Any CPU = Release|Any CPU
	EndGlobalSection
	GlobalSection(ProjectConfigurationPlatforms) = postSolution
		{F8B0D218-E441-4FF3-B4A3-B5021C4DDEF1}.Debug|Any CPU.ActiveCfg = Debug|Any CPU
		{F8B0D218-E441-4FF3-B4A3-B5021C4DDEF1}.Debug|Any CPU.Build.0 = Debug|Any CPU
		{F8B0D218-E441-4FF3-B4A3-B5021C4DDEF1}.Release|Any CPU.ActiveCfg = Release|Any CPU
		{F8B0D218-E441-4FF3-B4A3-B5021C4DDEF1}.Release|Any CPU.Build.0 = Release|Any CPU
		{1629194B-75FE-4AD3-9453-1C347E5BE7B2}.Debug|Any CPU.ActiveCfg = Debug|Any CPU
		{1629194B-75FE-4AD3-9453-1C347E5BE7B2}.Debug|Any CPU.Build.0 = Debug|Any CPU
		{1629194B-75FE-4AD3-9453-1C347E5BE7B2}.Release|Any CPU.ActiveCfg = Release|Any CPU
		{1629194B-75FE-4AD3-9453-1C347E5BE7B2}.Release|Any CPU.Build.0 = Release|Any CPU
	EndGlobalSection
	GlobalSection(SolutionProperties) = preSolution
		HideSolutionNode = FALSE
	EndGlobalSection
	GlobalSection(ExtensibilityGlobals) = postSolution
		SolutionGuid = {5043486A-8902-412D-9884-A75FA73B78A2}
	EndGlobalSection
EndGlobal
